// !$*UTF8*$!
{
	archiveVersion = 1;
	classes = {
	};
	objectVersion = 46;
	objects = {

/* Begin PBXBuildFile section */
		F290F9AD1AA69C0900EE87EA /* main.m in Sources */ = {isa = PBXBuildFile; fileRef = F290F9AC1AA69C0900EE87EA /* main.m */; };
		F290F9B01AA69C0900EE87EA /* AppDelegate.m in Sources */ = {isa = PBXBuildFile; fileRef = F290F9AF1AA69C0900EE87EA /* AppDelegate.m */; };
		F290F9B31AA69C0900EE87EA /* ButtonLayoutAlgorithm.xcdatamodeld in Sources */ = {isa = PBXBuildFile; fileRef = F290F9B11AA69C0900EE87EA /* ButtonLayoutAlgorithm.xcdatamodeld */; };
		F290F9B61AA69C0900EE87EA /* ViewController.m in Sources */ = {isa = PBXBuildFile; fileRef = F290F9B51AA69C0900EE87EA /* ViewController.m */; };
		F290F9B91AA69C0900EE87EA /* Main.storyboard in Resources */ = {isa = PBXBuildFile; fileRef = F290F9B71AA69C0900EE87EA /* Main.storyboard */; };
		F290F9BB1AA69C0900EE87EA /* Images.xcassets in Resources */ = {isa = PBXBuildFile; fileRef = F290F9BA1AA69C0900EE87EA /* Images.xcassets */; };
		F290F9BE1AA69C0900EE87EA /* LaunchScreen.xib in Resources */ = {isa = PBXBuildFile; fileRef = F290F9BC1AA69C0900EE87EA /* LaunchScreen.xib */; };
		F290F9CA1AA69C0900EE87EA /* ButtonLayoutAlgorithmTests.m in Sources */ = {isa = PBXBuildFile; fileRef = F290F9C91AA69C0900EE87EA /* ButtonLayoutAlgorithmTests.m */; };
		F290F9D51AA69D4500EE87EA /* HXLayoutViewController.m in Sources */ = {isa = PBXBuildFile; fileRef = F290F9D41AA69D4500EE87EA /* HXLayoutViewController.m */; };
/* End PBXBuildFile section */

/* Begin PBXContainerItemProxy section */
		F290F9C41AA69C0900EE87EA /* PBXContainerItemProxy */ = {
			isa = PBXContainerItemProxy;
			containerPortal = F290F99F1AA69C0900EE87EA /* Project object */;
			proxyType = 1;
			remoteGlobalIDString = F290F9A61AA69C0900EE87EA;
			remoteInfo = ButtonLayoutAlgorithm;
		};
/* End PBXContainerItemProxy section */

/* Begin PBXFileReference section */
		F290F9A71AA69C0900EE87EA /* ButtonLayoutAlgorithm.app */ = {isa = PBXFileReference; explicitFileType = wrapper.application; includeInIndex = 0; path = ButtonLayoutAlgorithm.app; sourceTree = BUILT_PRODUCTS_DIR; };
		F290F9AB1AA69C0900EE87EA /* Info.plist */ = {isa = PBXFileReference; lastKnownFileType = text.plist.xml; path = Info.plist; sourceTree = "<group>"; };
		F290F9AC1AA69C0900EE87EA /* main.m */ = {isa = PBXFileReference; lastKnownFileType = sourcecode.c.objc; path = main.m; sourceTree = "<group>"; };
		F290F9AE1AA69C0900EE87EA /* AppDelegate.h */ = {isa = PBXFileReference; lastKnownFileType = sourcecode.c.h; path = AppDelegate.h; sourceTree = "<group>"; };
		F290F9AF1AA69C0900EE87EA /* AppDelegate.m */ = {isa = PBXFileReference; lastKnownFileType = sourcecode.c.objc; path = AppDelegate.m; sourceTree = "<group>"; };
		F290F9B21AA69C0900EE87EA /* ButtonLayoutAlgorithm.xcdatamodel */ = {isa = PBXFileReference; lastKnownFileType = wrapper.xcdatamodel; path = ButtonLayoutAlgorithm.xcdatamodel; sourceTree = "<group>"; };
		F290F9B41AA69C0900EE87EA /* ViewController.h */ = {isa = PBXFileReference; lastKnownFileType = sourcecode.c.h; path = ViewController.h; sourceTree = "<group>"; };
		F290F9B51AA69C0900EE87EA /* ViewController.m */ = {isa = PBXFileReference; lastKnownFileType = sourcecode.c.objc; path = ViewController.m; sourceTree = "<group>"; };
		F290F9B81AA69C0900EE87EA /* Base */ = {isa = PBXFileReference; lastKnownFileType = file.storyboard; name = Base; path = Base.lproj/Main.storyboard; sourceTree = "<group>"; };
		F290F9BA1AA69C0900EE87EA /* Images.xcassets */ = {isa = PBXFileReference; lastKnownFileType = folder.assetcatalog; path = Images.xcassets; sourceTree = "<group>"; };
		F290F9BD1AA69C0900EE87EA /* Base */ = {isa = PBXFileReference; lastKnownFileType = file.xib; name = Base; path = Base.lproj/LaunchScreen.xib; sourceTree = "<group>"; };
		F290F9C31AA69C0900EE87EA /* ButtonLayoutAlgorithmTests.xctest */ = {isa = PBXFileReference; explicitFileType = wrapper.cfbundle; includeInIndex = 0; path = ButtonLayoutAlgorithmTests.xctest; sourceTree = BUILT_PRODUCTS_DIR; };
		F290F9C81AA69C0900EE87EA /* Info.plist */ = {isa = PBXFileReference; lastKnownFileType = text.plist.xml; path = Info.plist; sourceTree = "<group>"; };
		F290F9C91AA69C0900EE87EA /* ButtonLayoutAlgorithmTests.m */ = {isa = PBXFileReference; lastKnownFileType = sourcecode.c.objc; path = ButtonLayoutAlgorithmTests.m; sourceTree = "<group>"; };
		F290F9D31AA69D4500EE87EA /* HXLayoutViewController.h */ = {isa = PBXFileReference; fileEncoding = 4; lastKnownFileType = sourcecode.c.h; path = HXLayoutViewController.h; sourceTree = "<group>"; };
		F290F9D41AA69D4500EE87EA /* HXLayoutViewController.m */ = {isa = PBXFileReference; fileEncoding = 4; lastKnownFileType = sourcecode.c.objc; path = HXLayoutViewController.m; sourceTree = "<group>"; };
/* End PBXFileReference section */

/* Begin PBXFrameworksBuildPhase section */
		F290F9A41AA69C0900EE87EA /* Frameworks */ = {
			isa = PBXFrameworksBuildPhase;
			buildActionMask = 2147483647;
			files = (
			);
			runOnlyForDeploymentPostprocessing = 0;
		};
		F290F9C01AA69C0900EE87EA /* Frameworks */ = {
			isa = PBXFrameworksBuildPhase;
			buildActionMask = 2147483647;
			files = (
			);
			runOnlyForDeploymentPostprocessing = 0;
		};
/* End PBXFrameworksBuildPhase section */

/* Begin PBXGroup section */
		F290F99E1AA69C0900EE87EA = {
			isa = PBXGroup;
			children = (
				F290F9A91AA69C0900EE87EA /* ButtonLayoutAlgorithm */,
				F290F9C61AA69C0900EE87EA /* ButtonLayoutAlgorithmTests */,
				F290F9A81AA69C0900EE87EA /* Products */,
			);
			sourceTree = "<group>";
		};
		F290F9A81AA69C0900EE87EA /* Products */ = {
			isa = PBXGroup;
			children = (
				F290F9A71AA69C0900EE87EA /* ButtonLayoutAlgorithm.app */,
				F290F9C31AA69C0900EE87EA /* ButtonLayoutAlgorithmTests.xctest */,
			);
			name = Products;
			sourceTree = "<group>";
		};
		F290F9A91AA69C0900EE87EA /* ButtonLayoutAlgorithm */ = {
			isa = PBXGroup;
			children = (
				F290F9AE1AA69C0900EE87EA /* AppDelegate.h */,
				F290F9AF1AA69C0900EE87EA /* AppDelegate.m */,
				F290F9B41AA69C0900EE87EA /* ViewController.h */,
				F290F9B51AA69C0900EE87EA /* ViewController.m */,
				F290F9D31AA69D4500EE87EA /* HXLayoutViewController.h */,
				F290F9D41AA69D4500EE87EA /* HXLayoutViewController.m */,
				F290F9B71AA69C0900EE87EA /* Main.storyboard */,
				F290F9BA1AA69C0900EE87EA /* Images.xcassets */,
				F290F9BC1AA69C0900EE87EA /* LaunchScreen.xib */,
				F290F9B11AA69C0900EE87EA /* ButtonLayoutAlgorithm.xcdatamodeld */,
				F290F9AA1AA69C0900EE87EA /* Supporting Files */,
			);
			path = ButtonLayoutAlgorithm;
			sourceTree = "<group>";
		};
		F290F9AA1AA69C0900EE87EA /* Supporting Files */ = {
			isa = PBXGroup;
			children = (
				F290F9AB1AA69C0900EE87EA /* Info.plist */,
				F290F9AC1AA69C0900EE87EA /* main.m */,
			);
			name = "Supporting Files";
			sourceTree = "<group>";
		};
		F290F9C61AA69C0900EE87EA /* ButtonLayoutAlgorithmTests */ = {
			isa = PBXGroup;
			children = (
				F290F9C91AA69C0900EE87EA /* ButtonLayoutAlgorithmTests.m */,
				F290F9C71AA69C0900EE87EA /* Supporting Files */,
			);
			path = ButtonLayoutAlgorithmTests;
			sourceTree = "<group>";
		};
		F290F9C71AA69C0900EE87EA /* Supporting Files */ = {
			isa = PBXGroup;
			children = (
				F290F9C81AA69C0900EE87EA /* Info.plist */,
			);
			name = "Supporting Files";
			sourceTree = "<group>";
		};
/* End PBXGroup section */

/* Begin PBXNativeTarget section */
		F290F9A61AA69C0900EE87EA /* ButtonLayoutAlgorithm */ = {
			isa = PBXNativeTarget;
			buildConfigurationList = F290F9CD1AA69C0900EE87EA /* Build configuration list for PBXNativeTarget "ButtonLayoutAlgorithm" */;
			buildPhases = (
				F290F9A31AA69C0900EE87EA /* Sources */,
				F290F9A41AA69C0900EE87EA /* Frameworks */,
				F290F9A51AA69C0900EE87EA /* Resources */,
			);
			buildRules = (
			);
			dependencies = (
			);
			name = ButtonLayoutAlgorithm;
			productName = ButtonLayoutAlgorithm;
			productReference = F290F9A71AA69C0900EE87EA /* ButtonLayoutAlgorithm.app */;
			productType = "com.apple.product-type.application";
		};
		F290F9C21AA69C0900EE87EA /* ButtonLayoutAlgorithmTests */ = {
			isa = PBXNativeTarget;
			buildConfigurationList = F290F9D01AA69C0900EE87EA /* Build configuration list for PBXNativeTarget "ButtonLayoutAlgorithmTests" */;
			buildPhases = (
				F290F9BF1AA69C0900EE87EA /* Sources */,
				F290F9C01AA69C0900EE87EA /* Frameworks */,
				F290F9C11AA69C0900EE87EA /* Resources */,
			);
			buildRules = (
			);
			dependencies = (
				F290F9C51AA69C0900EE87EA /* PBXTargetDependency */,
			);
			name = ButtonLayoutAlgorithmTests;
			productName = ButtonLayoutAlgorithmTests;
			productReference = F290F9C31AA69C0900EE87EA /* ButtonLayoutAlgorithmTests.xctest */;
			productType = "com.apple.product-type.bundle.unit-test";
		};
/* End PBXNativeTarget section */

/* Begin PBXProject section */
		F290F99F1AA69C0900EE87EA /* Project object */ = {
			isa = PBXProject;
			attributes = {
				LastUpgradeCheck = 0610;
				ORGANIZATIONNAME = New_Life;
				TargetAttributes = {
					F290F9A61AA69C0900EE87EA = {
						CreatedOnToolsVersion = 6.1.1;
					};
					F290F9C21AA69C0900EE87EA = {
						CreatedOnToolsVersion = 6.1.1;
						TestTargetID = F290F9A61AA69C0900EE87EA;
					};
				};
			};
			buildConfigurationList = F290F9A21AA69C0900EE87EA /* Build configuration list for PBXProject "ButtonLayoutAlgorithm" */;
			compatibilityVersion = "Xcode 3.2";
			developmentRegion = English;
			hasScannedForEncodings = 0;
			knownRegions = (
				en,
				Base,
			);
			mainGroup = F290F99E1AA69C0900EE87EA;
			productRefGroup = F290F9A81AA69C0900EE87EA /* Products */;
			projectDirPath = "";
			projectRoot = "";
			targets = (
				F290F9A61AA69C0900EE87EA /* ButtonLayoutAlgorithm */,
				F290F9C21AA69C0900EE87EA /* ButtonLayoutAlgorithmTests */,
			);
		};
/* End PBXProject section */

/* Begin PBXResourcesBuildPhase section */
		F290F9A51AA69C0900EE87EA /* Resources */ = {
			isa = PBXResourcesBuildPhase;
			buildActionMask = 2147483647;
			files = (
				F290F9B91AA69C0900EE87EA /* Main.storyboard in Resources */,
				F290F9BE1AA69C0900EE87EA /* LaunchScreen.xib in Resources */,
				F290F9BB1AA69C0900EE87EA /* Images.xcassets in Resources */,
			);
			runOnlyForDeploymentPostprocessing = 0;
		};
		F290F9C11AA69C0900EE87EA /* Resources */ = {
			isa = PBXResourcesBuildPhase;
			buildActionMask = 2147483647;
			files = (
			);
			runOnlyForDeploymentPostprocessing = 0;
		};
/* End PBXResourcesBuildPhase section */

/* Begin PBXSourcesBuildPhase section */
		F290F9A31AA69C0900EE87EA /* Sources */ = {
			isa = PBXSourcesBuildPhase;
			buildActionMask = 2147483647;
			files = (
				F290F9D51AA69D4500EE87EA /* HXLayoutViewController.m in Sources */,
				F290F9B01AA69C0900EE87EA /* AppDelegate.m in Sources */,
				F290F9AD1AA69C0900EE87EA /* main.m in Sources */,
				F290F9B61AA69C0900EE87EA /* ViewController.m in Sources */,
				F290F9B31AA69C0900EE87EA /* ButtonLayoutAlgorithm.xcdatamodeld in Sources */,
			);
			runOnlyForDeploymentPostprocessing = 0;
		};
		F290F9BF1AA69C0900EE87EA /* Sources */ = {
			isa = PBXSourcesBuildPhase;
			buildActionMask = 2147483647;
			files = (
				F290F9CA1AA69C0900EE87EA /* ButtonLayoutAlgorithmTests.m in Sources */,
			);
			runOnlyForDeploymentPostprocessing = 0;
		};
/* End PBXSourcesBuildPhase section */

/* Begin PBXTargetDependency section */
		F290F9C51AA69C0900EE87EA /* PBXTargetDependency */ = {
			isa = PBXTargetDependency;
			target = F290F9A61AA69C0900EE87EA /* ButtonLayoutAlgorithm */;
			targetProxy = F290F9C41AA69C0900EE87EA /* PBXContainerItemProxy */;
		};
/* End PBXTargetDependency section */

/* Begin PBXVariantGroup section */
		F290F9B71AA69C0900EE87EA /* Main.storyboard */ = {
			isa = PBXVariantGroup;
			children = (
				F290F9B81AA69C0900EE87EA /* Base */,
			);
			name = Main.storyboard;
			sourceTree = "<group>";
		};
		F290F9BC1AA69C0900EE87EA /* LaunchScreen.xib */ = {
			isa = PBXVariantGroup;
			children = (
				F290F9BD1AA69C0900EE87EA /* Base */,
			);
			name = LaunchScreen.xib;
			sourceTree = "<group>";
		};
/* End PBXVariantGroup section */

/* Begin XCBuildConfiguration section */
		F290F9CB1AA69C0900EE87EA /* Debug */ = {
			isa = XCBuildConfiguration;
			buildSettings = {
				ALWAYS_SEARCH_USER_PATHS = NO;
				CLANG_CXX_LANGUAGE_STANDARD = "gnu++0x";
				CLANG_CXX_LIBRARY = "libc++";
				CLANG_ENABLE_MODULES = YES;
				CLANG_ENABLE_OBJC_ARC = YES;
				CLANG_WARN_BOOL_CONVERSION = YES;
				CLANG_WARN_CONSTANT_CONVERSION = YES;
				CLANG_WARN_DIRECT_OBJC_ISA_USAGE = YES_ERROR;
				CLANG_WARN_EMPTY_BODY = YES;
				CLANG_WARN_ENUM_CONVERSION = YES;
				CLANG_WARN_INT_CONVERSION = YES;
				CLANG_WARN_OBJC_ROOT_CLASS = YES_ERROR;
				CLANG_WARN_UNREACHABLE_CODE = YES;
				CLANG_WARN__DUPLICATE_METHOD_MATCH = YES;
				"CODE_SIGN_IDENTITY[sdk=iphoneos*]" = "iPhone Developer";
				COPY_PHASE_STRIP = NO;
				ENABLE_STRICT_OBJC_MSGSEND = YES;
				GCC_C_LANGUAGE_STANDARD = gnu99;
				GCC_DYNAMIC_NO_PIC = NO;
				GCC_OPTIMIZATION_LEVEL = 0;
				GCC_PREPROCESSOR_DEFINITIONS = (
					"DEBUG=1",
					"$(inherited)",
				);
				GCC_SYMBOLS_PRIVATE_EXTERN = NO;
				GCC_WARN_64_TO_32_BIT_CONVERSION = YES;
				GCC_WARN_ABOUT_RETURN_TYPE = YES_ERROR;
				GCC_WARN_UNDECLARED_SELECTOR = YES;
				GCC_WARN_UNINITIALIZED_AUTOS = YES_AGGRESSIVE;
				GCC_WARN_UNUSED_FUNCTION = YES;
				GCC_WARN_UNUSED_VARIABLE = YES;
				IPHONEOS_DEPLOYMENT_TARGET = 8.1;
				MTL_ENABLE_DEBUG_INFO = YES;
				ONLY_ACTIVE_ARCH = YES;
				SDKROOT = iphoneos;
			};
			name = Debug;
		};
		F290F9CC1AA69C0900EE87EA /* Release */ = {
			isa = XCBuildConfiguration;
			buildSettings = {
				ALWAYS_SEARCH_USER_PATHS = NO;
				CLANG_CXX_LANGUAGE_STANDARD = "gnu++0x";
				CLANG_CXX_LIBRARY = "libc++";
				CLANG_ENABLE_MODULES = YES;
				CLANG_ENABLE_OBJC_ARC = YES;
				CLANG_WARN_BOOL_CONVERSION = YES;
				CLANG_WARN_CONSTANT_CONVERSION = YES;
				CLANG_WARN_DIRECT_OBJC_ISA_USAGE = YES_ERROR;
				CLANG_WARN_EMPTY_BODY = YES;
				CLANG_WARN_ENUM_CONVERSION = YES;
				CLANG_WARN_INT_CONVERSION = YES;
				CLANG_WARN_OBJC_ROOT_CLASS = YES_ERROR;
				CLANG_WARN_UNREACHABLE_CODE = YES;
				CLANG_WARN__DUPLICATE_METHOD_MATCH = YES;
				"CODE_SIGN_IDENTITY[sdk=iphoneos*]" = "iPhone Developer";
				COPY_PHASE_STRIP = YES;
				ENABLE_NS_ASSERTIONS = NO;
				ENABLE_STRICT_OBJC_MSGSEND = YES;
				GCC_C_LANGUAGE_STANDARD = gnu99;
				GCC_WARN_64_TO_32_BIT_CONVERSION = YES;
				GCC_WARN_ABOUT_RETURN_TYPE = YES_ERROR;
				GCC_WARN_UNDECLARED_SELECTOR = YES;
				GCC_WARN_UNINITIALIZED_AUTOS = YES_AGGRESSIVE;
				GCC_WARN_UNUSED_FUNCTION = YES;
				GCC_WARN_UNUSED_VARIABLE = YES;
				IPHONEOS_DEPLOYMENT_TARGET = 8.1;
				MTL_ENABLE_DEBUG_INFO = NO;
				SDKROOT = iphoneos;
				VALIDATE_PRODUCT = YES;
			};
			name = Release;
		};
		F290F9CE1AA69C0900EE87EA /* Debug */ = {
			isa = XCBuildConfiguration;
			buildSettings = {
				ASSETCATALOG_COMPILER_APPICON_NAME = AppIcon;
				INFOPLIST_FILE = ButtonLayoutAlgorithm/Info.plist;
				LD_RUNPATH_SEARCH_PATHS = "$(inherited) @executable_path/Frameworks";
				PRODUCT_NAME = "$(TARGET_NAME)";
			};
			name = Debug;
		};
		F290F9CF1AA69C0900EE87EA /* Release */ = {
			isa = XCBuildConfiguration;
			buildSettings = {
				ASSETCATALOG_COMPILER_APPICON_NAME = AppIcon;
				INFOPLIST_FILE = ButtonLayoutAlgorithm/Info.plist;
				LD_RUNPATH_SEARCH_PATHS = "$(inherited) @executable_path/Frameworks";
				PRODUCT_NAME = "$(TARGET_NAME)";
			};
			name = Release;
		};
		F290F9D11AA69C0900EE87EA /* Debug */ = {
			isa = XCBuildConfiguration;
			buildSettings = {
				BUNDLE_LOADER = "$(TEST_HOST)";
				FRAMEWORK_SEARCH_PATHS = (
					"$(SDKROOT)/Developer/Library/Frameworks",
					"$(inherited)",
				);
				GCC_PREPROCESSOR_DEFINITIONS = (
					"DEBUG=1",
					"$(inherited)",
				);
				INFOPLIST_FILE = ButtonLayoutAlgorithmTests/Info.plist;
				LD_RUNPATH_SEARCH_PATHS = "$(inherited) @executable_path/Frameworks @loader_path/Frameworks";
				PRODUCT_NAME = "$(TARGET_NAME)";
				TEST_HOST = "$(BUILT_PRODUCTS_DIR)/ButtonLayoutAlgorithm.app/ButtonLayoutAlgorithm";
			};
			name = Debug;
		};
		F290F9D21AA69C0900EE87EA /* Release */ = {
			isa = XCBuildConfiguration;
			buildSettings = {
				BUNDLE_LOADER = "$(TEST_HOST)";
				FRAMEWORK_SEARCH_PATHS = (
					"$(SDKROOT)/Developer/Library/Frameworks",
					"$(inherited)",
				);
				INFOPLIST_FILE = ButtonLayoutAlgorithmTests/Info.plist;
				LD_RUNPATH_SEARCH_PATHS = "$(inherited) @executable_path/Frameworks @loader_path/Frameworks";
				PRODUCT_NAME = "$(TARGET_NAME)";
				TEST_HOST = "$(BUILT_PRODUCTS_DIR)/ButtonLayoutAlgorithm.app/ButtonLayoutAlgorithm";
			};
			name = Release;
		};
/* End XCBuildConfiguration section */

/* Begin XCConfigurationList section */
		F290F9A21AA69C0900EE87EA /* Build configuration list for PBXProject "ButtonLayoutAlgorithm" */ = {
			isa = XCConfigurationList;
			buildConfigurations = (
				F290F9CB1AA69C0900EE87EA /* Debug */,
				F290F9CC1AA69C0900EE87EA /* Release */,
			);
			defaultConfigurationIsVisible = 0;
			defaultConfigurationName = Release;
		};
		F290F9CD1AA69C0900EE87EA /* Build configuration list for PBXNativeTarget "ButtonLayoutAlgorithm" */ = {
			isa = XCConfigurationList;
			buildConfigurations = (
				F290F9CE1AA69C0900EE87EA /* Debug */,
				F290F9CF1AA69C0900EE87EA /* Release */,
			);
			defaultConfigurationIsVisible = 0;
		};
		F290F9D01AA69C0900EE87EA /* Build configuration list for PBXNativeTarget "ButtonLayoutAlgorithmTests" */ = {
			isa = XCConfigurationList;
			buildConfigurations = (
				F290F9D11AA69C0900EE87EA /* Debug */,
				F290F9D21AA69C0900EE87EA /* Release */,
			);
			defaultConfigurationIsVisible = 0;
		};
/* End XCConfigurationList section */

/* Begin XCVersionGroup section */
		F290F9B11AA69C0900EE87EA /* ButtonLayoutAlgorithm.xcdatamodeld */ = {
			isa = XCVersionGroup;
			children = (
				F290F9B21AA69C0900EE87EA /* ButtonLayoutAlgorithm.xcdatamodel */,
			);
			currentVersion = F290F9B21AA69C0900EE87EA /* ButtonLayoutAlgorithm.xcdatamodel */;
			path = ButtonLayoutAlgorithm.xcdatamodeld;
			sourceTree = "<group>";
			versionGroupType = wrapper.xcdatamodel;
		};
/* End XCVersionGroup section */
	};
	rootObject = F290F99F1AA69C0900EE87EA /* Project object */;
}
